// !$*UTF8*$!
{
	archiveVersion = 1;
	classes = {
	};
	objectVersion = 51;
	objects = {

/* Begin PBXBuildFile section */
		85326AE3072721EB682C5090 /* Pods_GaryCamTests.framework in Frameworks */ = {isa = PBXBuildFile; fileRef = F935D52041048274203CA3A3 /* Pods_GaryCamTests.framework */; };
		D343A415774C0E3EDD26E134 /* Pods_GaryCam_GaryCamUITests.framework in Frameworks */ = {isa = PBXBuildFile; fileRef = FBBEB94C1AA0B57B22ABD715 /* Pods_GaryCam_GaryCamUITests.framework */; };
		DFC491648CC5FD9D63B23ADB /* Pods_GaryCam.framework in Frameworks */ = {isa = PBXBuildFile; fileRef = F871BE0A024C63CBF03241F5 /* Pods_GaryCam.framework */; };
		FF0AC52125BBD57A00B7FFF4 /* Validation.swift in Sources */ = {isa = PBXBuildFile; fileRef = FF0AC52025BBD57A00B7FFF4 /* Validation.swift */; };
		FF0AC52925BBFCA000B7FFF4 /* CameraViewController.swift in Sources */ = {isa = PBXBuildFile; fileRef = FF0AC52825BBFCA000B7FFF4 /* CameraViewController.swift */; };
		FF0AC52E25BBFCBC00B7FFF4 /* CaptureViewController.swift in Sources */ = {isa = PBXBuildFile; fileRef = FF0AC52D25BBFCBC00B7FFF4 /* CaptureViewController.swift */; };
		FF20FB8825B93A8B0014EFD0 /* AppDelegate.swift in Sources */ = {isa = PBXBuildFile; fileRef = FF20FB8725B93A8B0014EFD0 /* AppDelegate.swift */; };
		FF20FB8A25B93A8B0014EFD0 /* SceneDelegate.swift in Sources */ = {isa = PBXBuildFile; fileRef = FF20FB8925B93A8B0014EFD0 /* SceneDelegate.swift */; };
		FF20FB8F25B93A8B0014EFD0 /* Main.storyboard in Resources */ = {isa = PBXBuildFile; fileRef = FF20FB8D25B93A8B0014EFD0 /* Main.storyboard */; };
		FF20FB9125B93A8F0014EFD0 /* Assets.xcassets in Resources */ = {isa = PBXBuildFile; fileRef = FF20FB9025B93A8F0014EFD0 /* Assets.xcassets */; };
		FF20FB9425B93A8F0014EFD0 /* LaunchScreen.storyboard in Resources */ = {isa = PBXBuildFile; fileRef = FF20FB9225B93A8F0014EFD0 /* LaunchScreen.storyboard */; };
		FF20FB9F25B93A8F0014EFD0 /* GaryCamTests.swift in Sources */ = {isa = PBXBuildFile; fileRef = FF20FB9E25B93A8F0014EFD0 /* GaryCamTests.swift */; };
		FF20FBAA25B93A8F0014EFD0 /* GaryCamUITests.swift in Sources */ = {isa = PBXBuildFile; fileRef = FF20FBA925B93A8F0014EFD0 /* GaryCamUITests.swift */; };
		FF20FBD525B93ED70014EFD0 /* HttpRequest.swift in Sources */ = {isa = PBXBuildFile; fileRef = FF20FBD425B93ED70014EFD0 /* HttpRequest.swift */; };
		FF20FBDB25B93EFA0014EFD0 /* Member.swift in Sources */ = {isa = PBXBuildFile; fileRef = FF20FBDA25B93EFA0014EFD0 /* Member.swift */; };
		FF20FBE325B93F240014EFD0 /* SignInViewController.swift in Sources */ = {isa = PBXBuildFile; fileRef = FF20FBE225B93F240014EFD0 /* SignInViewController.swift */; };
		FF20FBF125B943040014EFD0 /* SignUpViewController.swift in Sources */ = {isa = PBXBuildFile; fileRef = FF20FBF025B943040014EFD0 /* SignUpViewController.swift */; };
		FF20FC1025B9523A0014EFD0 /* UIExtension.swift in Sources */ = {isa = PBXBuildFile; fileRef = FF20FC0F25B9523A0014EFD0 /* UIExtension.swift */; };
		FF20FC1825B959E70014EFD0 /* DataExtension.swift in Sources */ = {isa = PBXBuildFile; fileRef = FF20FC1725B959E70014EFD0 /* DataExtension.swift */; };
		FF20FC2025B98D5A0014EFD0 /* SearchSignViewController.swift in Sources */ = {isa = PBXBuildFile; fileRef = FF20FC1F25B98D5A0014EFD0 /* SearchSignViewController.swift */; };
		FF20FC2D25B99A820014EFD0 /* MainViewController.swift in Sources */ = {isa = PBXBuildFile; fileRef = FF20FC2C25B99A820014EFD0 /* MainViewController.swift */; };
		FF20FC3225B9AF2B0014EFD0 /* MassageExtension.swift in Sources */ = {isa = PBXBuildFile; fileRef = FF20FC3125B9AF2B0014EFD0 /* MassageExtension.swift */; };
		FF37EFAD25BD2E110038AB71 /* CameraController.swift in Sources */ = {isa = PBXBuildFile; fileRef = FF37EFAC25BD2E110038AB71 /* CameraController.swift */; };
		FF78993425BD9E990059EE24 /* CameraExtension.swift in Sources */ = {isa = PBXBuildFile; fileRef = FF78993325BD9E990059EE24 /* CameraExtension.swift */; };
		FFCD625525BA14A6004C7326 /* AFConfig.swift in Sources */ = {isa = PBXBuildFile; fileRef = FFCD625425BA14A6004C7326 /* AFConfig.swift */; };
/* End PBXBuildFile section */

/* Begin PBXContainerItemProxy section */
		FF20FB9B25B93A8F0014EFD0 /* PBXContainerItemProxy */ = {
			isa = PBXContainerItemProxy;
			containerPortal = FF20FB7C25B93A8B0014EFD0 /* Project object */;
			proxyType = 1;
			remoteGlobalIDString = FF20FB8325B93A8B0014EFD0;
			remoteInfo = GaryCam;
		};
		FF20FBA625B93A8F0014EFD0 /* PBXContainerItemProxy */ = {
			isa = PBXContainerItemProxy;
			containerPortal = FF20FB7C25B93A8B0014EFD0 /* Project object */;
			proxyType = 1;
			remoteGlobalIDString = FF20FB8325B93A8B0014EFD0;
			remoteInfo = GaryCam;
		};
/* End PBXContainerItemProxy section */

/* Begin PBXFileReference section */
		170CAEE867F0AFE4ABFF012D /* Pods-GaryCamTests.release.xcconfig */ = {isa = PBXFileReference; includeInIndex = 1; lastKnownFileType = text.xcconfig; name = "Pods-GaryCamTests.release.xcconfig"; path = "Target Support Files/Pods-GaryCamTests/Pods-GaryCamTests.release.xcconfig"; sourceTree = "<group>"; };
		19A1ACE086C6A2CC9D1E8491 /* Pods-GaryCam.release.xcconfig */ = {isa = PBXFileReference; includeInIndex = 1; lastKnownFileType = text.xcconfig; name = "Pods-GaryCam.release.xcconfig"; path = "Target Support Files/Pods-GaryCam/Pods-GaryCam.release.xcconfig"; sourceTree = "<group>"; };
		93B030ADF92C82452D1AD9E0 /* Pods-GaryCamTests.debug.xcconfig */ = {isa = PBXFileReference; includeInIndex = 1; lastKnownFileType = text.xcconfig; name = "Pods-GaryCamTests.debug.xcconfig"; path = "Target Support Files/Pods-GaryCamTests/Pods-GaryCamTests.debug.xcconfig"; sourceTree = "<group>"; };
		D0380F3A0C63E451BD8DFFC2 /* Pods-GaryCam.debug.xcconfig */ = {isa = PBXFileReference; includeInIndex = 1; lastKnownFileType = text.xcconfig; name = "Pods-GaryCam.debug.xcconfig"; path = "Target Support Files/Pods-GaryCam/Pods-GaryCam.debug.xcconfig"; sourceTree = "<group>"; };
		E9B50F6E2D15A422BCC9984B /* Pods-GaryCam-GaryCamUITests.release.xcconfig */ = {isa = PBXFileReference; includeInIndex = 1; lastKnownFileType = text.xcconfig; name = "Pods-GaryCam-GaryCamUITests.release.xcconfig"; path = "Target Support Files/Pods-GaryCam-GaryCamUITests/Pods-GaryCam-GaryCamUITests.release.xcconfig"; sourceTree = "<group>"; };
		EB6C1751A9FDCD948350262D /* Pods-GaryCam-GaryCamUITests.debug.xcconfig */ = {isa = PBXFileReference; includeInIndex = 1; lastKnownFileType = text.xcconfig; name = "Pods-GaryCam-GaryCamUITests.debug.xcconfig"; path = "Target Support Files/Pods-GaryCam-GaryCamUITests/Pods-GaryCam-GaryCamUITests.debug.xcconfig"; sourceTree = "<group>"; };
		F871BE0A024C63CBF03241F5 /* Pods_GaryCam.framework */ = {isa = PBXFileReference; explicitFileType = wrapper.framework; includeInIndex = 0; path = Pods_GaryCam.framework; sourceTree = BUILT_PRODUCTS_DIR; };
		F935D52041048274203CA3A3 /* Pods_GaryCamTests.framework */ = {isa = PBXFileReference; explicitFileType = wrapper.framework; includeInIndex = 0; path = Pods_GaryCamTests.framework; sourceTree = BUILT_PRODUCTS_DIR; };
		FBBEB94C1AA0B57B22ABD715 /* Pods_GaryCam_GaryCamUITests.framework */ = {isa = PBXFileReference; explicitFileType = wrapper.framework; includeInIndex = 0; path = Pods_GaryCam_GaryCamUITests.framework; sourceTree = BUILT_PRODUCTS_DIR; };
		FF0AC52025BBD57A00B7FFF4 /* Validation.swift */ = {isa = PBXFileReference; lastKnownFileType = sourcecode.swift; path = Validation.swift; sourceTree = "<group>"; };
		FF0AC52825BBFCA000B7FFF4 /* CameraViewController.swift */ = {isa = PBXFileReference; lastKnownFileType = sourcecode.swift; path = CameraViewController.swift; sourceTree = "<group>"; };
		FF0AC52D25BBFCBC00B7FFF4 /* CaptureViewController.swift */ = {isa = PBXFileReference; lastKnownFileType = sourcecode.swift; path = CaptureViewController.swift; sourceTree = "<group>"; };
		FF20FB8425B93A8B0014EFD0 /* GaryCam.app */ = {isa = PBXFileReference; explicitFileType = wrapper.application; includeInIndex = 0; path = GaryCam.app; sourceTree = BUILT_PRODUCTS_DIR; };
		FF20FB8725B93A8B0014EFD0 /* AppDelegate.swift */ = {isa = PBXFileReference; lastKnownFileType = sourcecode.swift; path = AppDelegate.swift; sourceTree = "<group>"; };
		FF20FB8925B93A8B0014EFD0 /* SceneDelegate.swift */ = {isa = PBXFileReference; lastKnownFileType = sourcecode.swift; path = SceneDelegate.swift; sourceTree = "<group>"; };
		FF20FB8E25B93A8B0014EFD0 /* Base */ = {isa = PBXFileReference; lastKnownFileType = file.storyboard; name = Base; path = Base.lproj/Main.storyboard; sourceTree = "<group>"; };
		FF20FB9025B93A8F0014EFD0 /* Assets.xcassets */ = {isa = PBXFileReference; lastKnownFileType = folder.assetcatalog; path = Assets.xcassets; sourceTree = "<group>"; };
		FF20FB9325B93A8F0014EFD0 /* Base */ = {isa = PBXFileReference; lastKnownFileType = file.storyboard; name = Base; path = Base.lproj/LaunchScreen.storyboard; sourceTree = "<group>"; };
		FF20FB9525B93A8F0014EFD0 /* Info.plist */ = {isa = PBXFileReference; lastKnownFileType = text.plist.xml; path = Info.plist; sourceTree = "<group>"; };
		FF20FB9A25B93A8F0014EFD0 /* GaryCamTests.xctest */ = {isa = PBXFileReference; explicitFileType = wrapper.cfbundle; includeInIndex = 0; path = GaryCamTests.xctest; sourceTree = BUILT_PRODUCTS_DIR; };
		FF20FB9E25B93A8F0014EFD0 /* GaryCamTests.swift */ = {isa = PBXFileReference; lastKnownFileType = sourcecode.swift; path = GaryCamTests.swift; sourceTree = "<group>"; };
		FF20FBA025B93A8F0014EFD0 /* Info.plist */ = {isa = PBXFileReference; lastKnownFileType = text.plist.xml; path = Info.plist; sourceTree = "<group>"; };
		FF20FBA525B93A8F0014EFD0 /* GaryCamUITests.xctest */ = {isa = PBXFileReference; explicitFileType = wrapper.cfbundle; includeInIndex = 0; path = GaryCamUITests.xctest; sourceTree = BUILT_PRODUCTS_DIR; };
		FF20FBA925B93A8F0014EFD0 /* GaryCamUITests.swift */ = {isa = PBXFileReference; lastKnownFileType = sourcecode.swift; path = GaryCamUITests.swift; sourceTree = "<group>"; };
		FF20FBAB25B93A8F0014EFD0 /* Info.plist */ = {isa = PBXFileReference; lastKnownFileType = text.plist.xml; path = Info.plist; sourceTree = "<group>"; };
		FF20FBD425B93ED70014EFD0 /* HttpRequest.swift */ = {isa = PBXFileReference; lastKnownFileType = sourcecode.swift; path = HttpRequest.swift; sourceTree = "<group>"; };
		FF20FBDA25B93EFA0014EFD0 /* Member.swift */ = {isa = PBXFileReference; lastKnownFileType = sourcecode.swift; path = Member.swift; sourceTree = "<group>"; };
		FF20FBE225B93F240014EFD0 /* SignInViewController.swift */ = {isa = PBXFileReference; lastKnownFileType = sourcecode.swift; path = SignInViewController.swift; sourceTree = "<group>"; };
		FF20FBF025B943040014EFD0 /* SignUpViewController.swift */ = {isa = PBXFileReference; lastKnownFileType = sourcecode.swift; path = SignUpViewController.swift; sourceTree = "<group>"; };
		FF20FC0F25B9523A0014EFD0 /* UIExtension.swift */ = {isa = PBXFileReference; lastKnownFileType = sourcecode.swift; path = UIExtension.swift; sourceTree = "<group>"; };
		FF20FC1725B959E70014EFD0 /* DataExtension.swift */ = {isa = PBXFileReference; lastKnownFileType = sourcecode.swift; path = DataExtension.swift; sourceTree = "<group>"; };
		FF20FC1F25B98D5A0014EFD0 /* SearchSignViewController.swift */ = {isa = PBXFileReference; lastKnownFileType = sourcecode.swift; path = SearchSignViewController.swift; sourceTree = "<group>"; };
		FF20FC2C25B99A820014EFD0 /* MainViewController.swift */ = {isa = PBXFileReference; lastKnownFileType = sourcecode.swift; path = MainViewController.swift; sourceTree = "<group>"; };
		FF20FC3125B9AF2B0014EFD0 /* MassageExtension.swift */ = {isa = PBXFileReference; lastKnownFileType = sourcecode.swift; path = MassageExtension.swift; sourceTree = "<group>"; };
		FF37EFAC25BD2E110038AB71 /* CameraController.swift */ = {isa = PBXFileReference; lastKnownFileType = sourcecode.swift; path = CameraController.swift; sourceTree = "<group>"; };
		FF78993325BD9E990059EE24 /* CameraExtension.swift */ = {isa = PBXFileReference; lastKnownFileType = sourcecode.swift; path = CameraExtension.swift; sourceTree = "<group>"; };
		FFCD625425BA14A6004C7326 /* AFConfig.swift */ = {isa = PBXFileReference; lastKnownFileType = sourcecode.swift; path = AFConfig.swift; sourceTree = "<group>"; };
/* End PBXFileReference section */

/* Begin PBXFrameworksBuildPhase section */
		FF20FB8125B93A8B0014EFD0 /* Frameworks */ = {
			isa = PBXFrameworksBuildPhase;
			buildActionMask = 2147483647;
			files = (
				DFC491648CC5FD9D63B23ADB /* Pods_GaryCam.framework in Frameworks */,
			);
			runOnlyForDeploymentPostprocessing = 0;
		};
		FF20FB9725B93A8F0014EFD0 /* Frameworks */ = {
			isa = PBXFrameworksBuildPhase;
			buildActionMask = 2147483647;
			files = (
				85326AE3072721EB682C5090 /* Pods_GaryCamTests.framework in Frameworks */,
			);
			runOnlyForDeploymentPostprocessing = 0;
		};
		FF20FBA225B93A8F0014EFD0 /* Frameworks */ = {
			isa = PBXFrameworksBuildPhase;
			buildActionMask = 2147483647;
			files = (
				D343A415774C0E3EDD26E134 /* Pods_GaryCam_GaryCamUITests.framework in Frameworks */,
			);
			runOnlyForDeploymentPostprocessing = 0;
		};
/* End PBXFrameworksBuildPhase section */

/* Begin PBXGroup section */
		70734361CEF89CF7E04D1A57 /* Frameworks */ = {
			isa = PBXGroup;
			children = (
				F871BE0A024C63CBF03241F5 /* Pods_GaryCam.framework */,
				FBBEB94C1AA0B57B22ABD715 /* Pods_GaryCam_GaryCamUITests.framework */,
				F935D52041048274203CA3A3 /* Pods_GaryCamTests.framework */,
			);
			name = Frameworks;
			sourceTree = "<group>";
		};
		F1E7AD096777C58B7506CB22 /* Pods */ = {
			isa = PBXGroup;
			children = (
				D0380F3A0C63E451BD8DFFC2 /* Pods-GaryCam.debug.xcconfig */,
				19A1ACE086C6A2CC9D1E8491 /* Pods-GaryCam.release.xcconfig */,
				EB6C1751A9FDCD948350262D /* Pods-GaryCam-GaryCamUITests.debug.xcconfig */,
				E9B50F6E2D15A422BCC9984B /* Pods-GaryCam-GaryCamUITests.release.xcconfig */,
				93B030ADF92C82452D1AD9E0 /* Pods-GaryCamTests.debug.xcconfig */,
				170CAEE867F0AFE4ABFF012D /* Pods-GaryCamTests.release.xcconfig */,
			);
			path = Pods;
			sourceTree = "<group>";
		};
		FF0AC51F25BBD56600B7FFF4 /* Validation */ = {
			isa = PBXGroup;
			children = (
				FF0AC52025BBD57A00B7FFF4 /* Validation.swift */,
			);
			path = Validation;
			sourceTree = "<group>";
		};
		FF20FB7B25B93A8B0014EFD0 = {
			isa = PBXGroup;
			children = (
				FF20FB8625B93A8B0014EFD0 /* GaryCam */,
				FF20FB9D25B93A8F0014EFD0 /* GaryCamTests */,
				FF20FBA825B93A8F0014EFD0 /* GaryCamUITests */,
				FF20FB8525B93A8B0014EFD0 /* Products */,
				F1E7AD096777C58B7506CB22 /* Pods */,
				70734361CEF89CF7E04D1A57 /* Frameworks */,
			);
			sourceTree = "<group>";
		};
		FF20FB8525B93A8B0014EFD0 /* Products */ = {
			isa = PBXGroup;
			children = (
				FF20FB8425B93A8B0014EFD0 /* GaryCam.app */,
				FF20FB9A25B93A8F0014EFD0 /* GaryCamTests.xctest */,
				FF20FBA525B93A8F0014EFD0 /* GaryCamUITests.xctest */,
			);
			name = Products;
			sourceTree = "<group>";
		};
		FF20FB8625B93A8B0014EFD0 /* GaryCam */ = {
			isa = PBXGroup;
			children = (
				FFCD625325BA1485004C7326 /* Config */,
				FF20FBC325B93D040014EFD0 /* Extension */,
				FF20FBC225B93CFA0014EFD0 /* View */,
				FF20FBC125B93CF40014EFD0 /* Model */,
				FF20FBC025B93CEC0014EFD0 /* Controller */,
				FF20FB8725B93A8B0014EFD0 /* AppDelegate.swift */,
				FF20FB8925B93A8B0014EFD0 /* SceneDelegate.swift */,
				FF20FB9025B93A8F0014EFD0 /* Assets.xcassets */,
				FF20FB9225B93A8F0014EFD0 /* LaunchScreen.storyboard */,
				FF20FB9525B93A8F0014EFD0 /* Info.plist */,
			);
			path = GaryCam;
			sourceTree = "<group>";
		};
		FF20FB9D25B93A8F0014EFD0 /* GaryCamTests */ = {
			isa = PBXGroup;
			children = (
				FF20FB9E25B93A8F0014EFD0 /* GaryCamTests.swift */,
				FF20FBA025B93A8F0014EFD0 /* Info.plist */,
			);
			path = GaryCamTests;
			sourceTree = "<group>";
		};
		FF20FBA825B93A8F0014EFD0 /* GaryCamUITests */ = {
			isa = PBXGroup;
			children = (
				FF20FBA925B93A8F0014EFD0 /* GaryCamUITests.swift */,
				FF20FBAB25B93A8F0014EFD0 /* Info.plist */,
			);
			path = GaryCamUITests;
			sourceTree = "<group>";
		};
		FF20FBC025B93CEC0014EFD0 /* Controller */ = {
			isa = PBXGroup;
			children = (
				FF20FBE225B93F240014EFD0 /* SignInViewController.swift */,
				FF20FBF025B943040014EFD0 /* SignUpViewController.swift */,
				FF20FC1F25B98D5A0014EFD0 /* SearchSignViewController.swift */,
				FF20FC2C25B99A820014EFD0 /* MainViewController.swift */,
				FF0AC52825BBFCA000B7FFF4 /* CameraViewController.swift */,
				FF0AC52D25BBFCBC00B7FFF4 /* CaptureViewController.swift */,
				FF37EFAC25BD2E110038AB71 /* CameraController.swift */,
			);
			path = Controller;
			sourceTree = "<group>";
		};
		FF20FBC125B93CF40014EFD0 /* Model */ = {
			isa = PBXGroup;
			children = (
				FF20FBDA25B93EFA0014EFD0 /* Member.swift */,
			);
			path = Model;
			sourceTree = "<group>";
		};
		FF20FBC225B93CFA0014EFD0 /* View */ = {
			isa = PBXGroup;
			children = (
				FF20FB8D25B93A8B0014EFD0 /* Main.storyboard */,
			);
			path = View;
			sourceTree = "<group>";
		};
		FF20FBC325B93D040014EFD0 /* Extension */ = {
			isa = PBXGroup;
			children = (
				FF78993225BD9E800059EE24 /* Camera */,
				FF0AC51F25BBD56600B7FFF4 /* Validation */,
				FFCD624525BA1024004C7326 /* Network */,
				FFCD624425BA1014004C7326 /* TextCustom */,
				FFCD624325BA1000004C7326 /* UserInterface */,
			);
			path = Extension;
			sourceTree = "<group>";
		};
		FF78993225BD9E800059EE24 /* Camera */ = {
			isa = PBXGroup;
			children = (
				FF78993325BD9E990059EE24 /* CameraExtension.swift */,
			);
			path = Camera;
			sourceTree = "<group>";
		};
		FFCD624325BA1000004C7326 /* UserInterface */ = {
			isa = PBXGroup;
			children = (
				FF20FC0F25B9523A0014EFD0 /* UIExtension.swift */,
				FF20FC3125B9AF2B0014EFD0 /* MassageExtension.swift */,
			);
			path = UserInterface;
			sourceTree = "<group>";
		};
		FFCD624425BA1014004C7326 /* TextCustom */ = {
			isa = PBXGroup;
			children = (
				FF20FC1725B959E70014EFD0 /* DataExtension.swift */,
			);
			path = TextCustom;
			sourceTree = "<group>";
		};
		FFCD624525BA1024004C7326 /* Network */ = {
			isa = PBXGroup;
			children = (
				FF20FBD425B93ED70014EFD0 /* HttpRequest.swift */,
			);
			path = Network;
			sourceTree = "<group>";
		};
		FFCD625325BA1485004C7326 /* Config */ = {
			isa = PBXGroup;
			children = (
				FFCD625425BA14A6004C7326 /* AFConfig.swift */,
			);
			path = Config;
			sourceTree = "<group>";
		};
/* End PBXGroup section */

/* Begin PBXNativeTarget section */
		FF20FB8325B93A8B0014EFD0 /* GaryCam */ = {
			isa = PBXNativeTarget;
			buildConfigurationList = FF20FBAE25B93A8F0014EFD0 /* Build configuration list for PBXNativeTarget "GaryCam" */;
			buildPhases = (
				D2B2EBAB2352AC937A554065 /* [CP] Check Pods Manifest.lock */,
				FF20FB8025B93A8B0014EFD0 /* Sources */,
				FF20FB8125B93A8B0014EFD0 /* Frameworks */,
				FF20FB8225B93A8B0014EFD0 /* Resources */,
				5E017C4DF03386531C8F8872 /* [CP] Embed Pods Frameworks */,
			);
			buildRules = (
			);
			dependencies = (
			);
			name = GaryCam;
			productName = GaryCam;
			productReference = FF20FB8425B93A8B0014EFD0 /* GaryCam.app */;
			productType = "com.apple.product-type.application";
		};
		FF20FB9925B93A8F0014EFD0 /* GaryCamTests */ = {
			isa = PBXNativeTarget;
			buildConfigurationList = FF20FBB125B93A8F0014EFD0 /* Build configuration list for PBXNativeTarget "GaryCamTests" */;
			buildPhases = (
				99836BCCBD55DB898F9EBA84 /* [CP] Check Pods Manifest.lock */,
				FF20FB9625B93A8F0014EFD0 /* Sources */,
				FF20FB9725B93A8F0014EFD0 /* Frameworks */,
				FF20FB9825B93A8F0014EFD0 /* Resources */,
			);
			buildRules = (
			);
			dependencies = (
				FF20FB9C25B93A8F0014EFD0 /* PBXTargetDependency */,
			);
			name = GaryCamTests;
			productName = GaryCamTests;
			productReference = FF20FB9A25B93A8F0014EFD0 /* GaryCamTests.xctest */;
			productType = "com.apple.product-type.bundle.unit-test";
		};
		FF20FBA425B93A8F0014EFD0 /* GaryCamUITests */ = {
			isa = PBXNativeTarget;
			buildConfigurationList = FF20FBB425B93A8F0014EFD0 /* Build configuration list for PBXNativeTarget "GaryCamUITests" */;
			buildPhases = (
				7FE08E22EA202B72CF08564B /* [CP] Check Pods Manifest.lock */,
				FF20FBA125B93A8F0014EFD0 /* Sources */,
				FF20FBA225B93A8F0014EFD0 /* Frameworks */,
				FF20FBA325B93A8F0014EFD0 /* Resources */,
				5CDEF99CF0621D67D2CF9B96 /* [CP] Embed Pods Frameworks */,
			);
			buildRules = (
			);
			dependencies = (
				FF20FBA725B93A8F0014EFD0 /* PBXTargetDependency */,
			);
			name = GaryCamUITests;
			productName = GaryCamUITests;
			productReference = FF20FBA525B93A8F0014EFD0 /* GaryCamUITests.xctest */;
			productType = "com.apple.product-type.bundle.ui-testing";
		};
/* End PBXNativeTarget section */

/* Begin PBXProject section */
		FF20FB7C25B93A8B0014EFD0 /* Project object */ = {
			isa = PBXProject;
			attributes = {
				LastSwiftUpdateCheck = 1230;
				LastUpgradeCheck = 1230;
				TargetAttributes = {
					FF20FB8325B93A8B0014EFD0 = {
						CreatedOnToolsVersion = 12.3;
					};
					FF20FB9925B93A8F0014EFD0 = {
						CreatedOnToolsVersion = 12.3;
						TestTargetID = FF20FB8325B93A8B0014EFD0;
					};
					FF20FBA425B93A8F0014EFD0 = {
						CreatedOnToolsVersion = 12.3;
						TestTargetID = FF20FB8325B93A8B0014EFD0;
					};
				};
			};
			buildConfigurationList = FF20FB7F25B93A8B0014EFD0 /* Build configuration list for PBXProject "GaryCam" */;
			compatibilityVersion = "Xcode 9.3";
			developmentRegion = en;
			hasScannedForEncodings = 0;
			knownRegions = (
				en,
				Base,
			);
			mainGroup = FF20FB7B25B93A8B0014EFD0;
			productRefGroup = FF20FB8525B93A8B0014EFD0 /* Products */;
			projectDirPath = "";
			projectRoot = "";
			targets = (
				FF20FB8325B93A8B0014EFD0 /* GaryCam */,
				FF20FB9925B93A8F0014EFD0 /* GaryCamTests */,
				FF20FBA425B93A8F0014EFD0 /* GaryCamUITests */,
			);
		};
/* End PBXProject section */

/* Begin PBXResourcesBuildPhase section */
		FF20FB8225B93A8B0014EFD0 /* Resources */ = {
			isa = PBXResourcesBuildPhase;
			buildActionMask = 2147483647;
			files = (
				FF20FB9425B93A8F0014EFD0 /* LaunchScreen.storyboard in Resources */,
				FF20FB9125B93A8F0014EFD0 /* Assets.xcassets in Resources */,
				FF20FB8F25B93A8B0014EFD0 /* Main.storyboard in Resources */,
			);
			runOnlyForDeploymentPostprocessing = 0;
		};
		FF20FB9825B93A8F0014EFD0 /* Resources */ = {
			isa = PBXResourcesBuildPhase;
			buildActionMask = 2147483647;
			files = (
			);
			runOnlyForDeploymentPostprocessing = 0;
		};
		FF20FBA325B93A8F0014EFD0 /* Resources */ = {
			isa = PBXResourcesBuildPhase;
			buildActionMask = 2147483647;
			files = (
			);
			runOnlyForDeploymentPostprocessing = 0;
		};
/* End PBXResourcesBuildPhase section */

/* Begin PBXShellScriptBuildPhase section */
		5CDEF99CF0621D67D2CF9B96 /* [CP] Embed Pods Frameworks */ = {
			isa = PBXShellScriptBuildPhase;
			buildActionMask = 2147483647;
			files = (
			);
			inputFileListPaths = (
				"${PODS_ROOT}/Target Support Files/Pods-GaryCam-GaryCamUITests/Pods-GaryCam-GaryCamUITests-frameworks-${CONFIGURATION}-input-files.xcfilelist",
			);
			name = "[CP] Embed Pods Frameworks";
			outputFileListPaths = (
				"${PODS_ROOT}/Target Support Files/Pods-GaryCam-GaryCamUITests/Pods-GaryCam-GaryCamUITests-frameworks-${CONFIGURATION}-output-files.xcfilelist",
			);
			runOnlyForDeploymentPostprocessing = 0;
			shellPath = /bin/sh;
			shellScript = "\"${PODS_ROOT}/Target Support Files/Pods-GaryCam-GaryCamUITests/Pods-GaryCam-GaryCamUITests-frameworks.sh\"\n";
			showEnvVarsInLog = 0;
		};
		5E017C4DF03386531C8F8872 /* [CP] Embed Pods Frameworks */ = {
			isa = PBXShellScriptBuildPhase;
			buildActionMask = 2147483647;
			files = (
			);
			inputFileListPaths = (
				"${PODS_ROOT}/Target Support Files/Pods-GaryCam/Pods-GaryCam-frameworks-${CONFIGURATION}-input-files.xcfilelist",
			);
			name = "[CP] Embed Pods Frameworks";
			outputFileListPaths = (
				"${PODS_ROOT}/Target Support Files/Pods-GaryCam/Pods-GaryCam-frameworks-${CONFIGURATION}-output-files.xcfilelist",
			);
			runOnlyForDeploymentPostprocessing = 0;
			shellPath = /bin/sh;
			shellScript = "\"${PODS_ROOT}/Target Support Files/Pods-GaryCam/Pods-GaryCam-frameworks.sh\"\n";
			showEnvVarsInLog = 0;
		};
		7FE08E22EA202B72CF08564B /* [CP] Check Pods Manifest.lock */ = {
			isa = PBXShellScriptBuildPhase;
			buildActionMask = 2147483647;
			files = (
			);
			inputFileListPaths = (
			);
			inputPaths = (
				"${PODS_PODFILE_DIR_PATH}/Podfile.lock",
				"${PODS_ROOT}/Manifest.lock",
			);
			name = "[CP] Check Pods Manifest.lock";
			outputFileListPaths = (
			);
			outputPaths = (
				"$(DERIVED_FILE_DIR)/Pods-GaryCam-GaryCamUITests-checkManifestLockResult.txt",
			);
			runOnlyForDeploymentPostprocessing = 0;
			shellPath = /bin/sh;
			shellScript = "diff \"${PODS_PODFILE_DIR_PATH}/Podfile.lock\" \"${PODS_ROOT}/Manifest.lock\" > /dev/null\nif [ $? != 0 ] ; then\n    # print error to STDERR\n    echo \"error: The sandbox is not in sync with the Podfile.lock. Run 'pod install' or update your CocoaPods installation.\" >&2\n    exit 1\nfi\n# This output is used by Xcode 'outputs' to avoid re-running this script phase.\necho \"SUCCESS\" > \"${SCRIPT_OUTPUT_FILE_0}\"\n";
			showEnvVarsInLog = 0;
		};
		99836BCCBD55DB898F9EBA84 /* [CP] Check Pods Manifest.lock */ = {
			isa = PBXShellScriptBuildPhase;
			buildActionMask = 2147483647;
			files = (
			);
			inputFileListPaths = (
			);
			inputPaths = (
				"${PODS_PODFILE_DIR_PATH}/Podfile.lock",
				"${PODS_ROOT}/Manifest.lock",
			);
			name = "[CP] Check Pods Manifest.lock";
			outputFileListPaths = (
			);
			outputPaths = (
				"$(DERIVED_FILE_DIR)/Pods-GaryCamTests-checkManifestLockResult.txt",
			);
			runOnlyForDeploymentPostprocessing = 0;
			shellPath = /bin/sh;
			shellScript = "diff \"${PODS_PODFILE_DIR_PATH}/Podfile.lock\" \"${PODS_ROOT}/Manifest.lock\" > /dev/null\nif [ $? != 0 ] ; then\n    # print error to STDERR\n    echo \"error: The sandbox is not in sync with the Podfile.lock. Run 'pod install' or update your CocoaPods installation.\" >&2\n    exit 1\nfi\n# This output is used by Xcode 'outputs' to avoid re-running this script phase.\necho \"SUCCESS\" > \"${SCRIPT_OUTPUT_FILE_0}\"\n";
			showEnvVarsInLog = 0;
		};
		D2B2EBAB2352AC937A554065 /* [CP] Check Pods Manifest.lock */ = {
			isa = PBXShellScriptBuildPhase;
			buildActionMask = 2147483647;
			files = (
			);
			inputFileListPaths = (
			);
			inputPaths = (
				"${PODS_PODFILE_DIR_PATH}/Podfile.lock",
				"${PODS_ROOT}/Manifest.lock",
			);
			name = "[CP] Check Pods Manifest.lock";
			outputFileListPaths = (
			);
			outputPaths = (
				"$(DERIVED_FILE_DIR)/Pods-GaryCam-checkManifestLockResult.txt",
			);
			runOnlyForDeploymentPostprocessing = 0;
			shellPath = /bin/sh;
			shellScript = "diff \"${PODS_PODFILE_DIR_PATH}/Podfile.lock\" \"${PODS_ROOT}/Manifest.lock\" > /dev/null\nif [ $? != 0 ] ; then\n    # print error to STDERR\n    echo \"error: The sandbox is not in sync with the Podfile.lock. Run 'pod install' or update your CocoaPods installation.\" >&2\n    exit 1\nfi\n# This output is used by Xcode 'outputs' to avoid re-running this script phase.\necho \"SUCCESS\" > \"${SCRIPT_OUTPUT_FILE_0}\"\n";
			showEnvVarsInLog = 0;
		};
/* End PBXShellScriptBuildPhase section */

/* Begin PBXSourcesBuildPhase section */
		FF20FB8025B93A8B0014EFD0 /* Sources */ = {
			isa = PBXSourcesBuildPhase;
			buildActionMask = 2147483647;
			files = (
				FF37EFAD25BD2E110038AB71 /* CameraController.swift in Sources */,
				FF20FC1025B9523A0014EFD0 /* UIExtension.swift in Sources */,
				FF20FBF125B943040014EFD0 /* SignUpViewController.swift in Sources */,
				FFCD625525BA14A6004C7326 /* AFConfig.swift in Sources */,
				FF20FC3225B9AF2B0014EFD0 /* MassageExtension.swift in Sources */,
				FF0AC52E25BBFCBC00B7FFF4 /* CaptureViewController.swift in Sources */,
				FF0AC52125BBD57A00B7FFF4 /* Validation.swift in Sources */,
				FF20FBE325B93F240014EFD0 /* SignInViewController.swift in Sources */,
				FF20FC1825B959E70014EFD0 /* DataExtension.swift in Sources */,
				FF20FBD525B93ED70014EFD0 /* HttpRequest.swift in Sources */,
				FF20FB8825B93A8B0014EFD0 /* AppDelegate.swift in Sources */,
				FF20FC2025B98D5A0014EFD0 /* SearchSignViewController.swift in Sources */,
				FF20FB8A25B93A8B0014EFD0 /* SceneDelegate.swift in Sources */,
				FF0AC52925BBFCA000B7FFF4 /* CameraViewController.swift in Sources */,
				FF78993425BD9E990059EE24 /* CameraExtension.swift in Sources */,
				FF20FBDB25B93EFA0014EFD0 /* Member.swift in Sources */,
				FF20FC2D25B99A820014EFD0 /* MainViewController.swift in Sources */,
			);
			runOnlyForDeploymentPostprocessing = 0;
		};
		FF20FB9625B93A8F0014EFD0 /* Sources */ = {
			isa = PBXSourcesBuildPhase;
			buildActionMask = 2147483647;
			files = (
				FF20FB9F25B93A8F0014EFD0 /* GaryCamTests.swift in Sources */,
			);
			runOnlyForDeploymentPostprocessing = 0;
		};
		FF20FBA125B93A8F0014EFD0 /* Sources */ = {
			isa = PBXSourcesBuildPhase;
			buildActionMask = 2147483647;
			files = (
				FF20FBAA25B93A8F0014EFD0 /* GaryCamUITests.swift in Sources */,
			);
			runOnlyForDeploymentPostprocessing = 0;
		};
/* End PBXSourcesBuildPhase section */

/* Begin PBXTargetDependency section */
		FF20FB9C25B93A8F0014EFD0 /* PBXTargetDependency */ = {
			isa = PBXTargetDependency;
			target = FF20FB8325B93A8B0014EFD0 /* GaryCam */;
			targetProxy = FF20FB9B25B93A8F0014EFD0 /* PBXContainerItemProxy */;
		};
		FF20FBA725B93A8F0014EFD0 /* PBXTargetDependency */ = {
			isa = PBXTargetDependency;
			target = FF20FB8325B93A8B0014EFD0 /* GaryCam */;
			targetProxy = FF20FBA625B93A8F0014EFD0 /* PBXContainerItemProxy */;
		};
/* End PBXTargetDependency section */

/* Begin PBXVariantGroup section */
		FF20FB8D25B93A8B0014EFD0 /* Main.storyboard */ = {
			isa = PBXVariantGroup;
			children = (
				FF20FB8E25B93A8B0014EFD0 /* Base */,
			);
			name = Main.storyboard;
			sourceTree = "<group>";
		};
		FF20FB9225B93A8F0014EFD0 /* LaunchScreen.storyboard */ = {
			isa = PBXVariantGroup;
			children = (
				FF20FB9325B93A8F0014EFD0 /* Base */,
			);
			name = LaunchScreen.storyboard;
			sourceTree = "<group>";
		};
/* End PBXVariantGroup section */

/* Begin XCBuildConfiguration section */
		FF20FBAC25B93A8F0014EFD0 /* Debug */ = {
			isa = XCBuildConfiguration;
			buildSettings = {
				ALWAYS_SEARCH_USER_PATHS = NO;
				CLANG_ANALYZER_NONNULL = YES;
				CLANG_ANALYZER_NUMBER_OBJECT_CONVERSION = YES_AGGRESSIVE;
				CLANG_CXX_LANGUAGE_STANDARD = "gnu++14";
				CLANG_CXX_LIBRARY = "libc++";
				CLANG_ENABLE_MODULES = YES;
				CLANG_ENABLE_OBJC_ARC = YES;
				CLANG_ENABLE_OBJC_WEAK = YES;
				CLANG_WARN_BLOCK_CAPTURE_AUTORELEASING = YES;
				CLANG_WARN_BOOL_CONVERSION = YES;
				CLANG_WARN_COMMA = YES;
				CLANG_WARN_CONSTANT_CONVERSION = YES;
				CLANG_WARN_DEPRECATED_OBJC_IMPLEMENTATIONS = YES;
				CLANG_WARN_DIRECT_OBJC_ISA_USAGE = YES_ERROR;
				CLANG_WARN_DOCUMENTATION_COMMENTS = YES;
				CLANG_WARN_EMPTY_BODY = YES;
				CLANG_WARN_ENUM_CONVERSION = YES;
				CLANG_WARN_INFINITE_RECURSION = YES;
				CLANG_WARN_INT_CONVERSION = YES;
				CLANG_WARN_NON_LITERAL_NULL_CONVERSION = YES;
				CLANG_WARN_OBJC_IMPLICIT_RETAIN_SELF = YES;
				CLANG_WARN_OBJC_LITERAL_CONVERSION = YES;
				CLANG_WARN_OBJC_ROOT_CLASS = YES_ERROR;
				CLANG_WARN_QUOTED_INCLUDE_IN_FRAMEWORK_HEADER = YES;
				CLANG_WARN_RANGE_LOOP_ANALYSIS = YES;
				CLANG_WARN_STRICT_PROTOTYPES = YES;
				CLANG_WARN_SUSPICIOUS_MOVE = YES;
				CLANG_WARN_UNGUARDED_AVAILABILITY = YES_AGGRESSIVE;
				CLANG_WARN_UNREACHABLE_CODE = YES;
				CLANG_WARN__DUPLICATE_METHOD_MATCH = YES;
				COPY_PHASE_STRIP = NO;
				DEBUG_INFORMATION_FORMAT = dwarf;
				ENABLE_STRICT_OBJC_MSGSEND = YES;
				ENABLE_TESTABILITY = YES;
				GCC_C_LANGUAGE_STANDARD = gnu11;
				GCC_DYNAMIC_NO_PIC = NO;
				GCC_NO_COMMON_BLOCKS = YES;
				GCC_OPTIMIZATION_LEVEL = 0;
				GCC_PREPROCESSOR_DEFINITIONS = (
					"DEBUG=1",
					"$(inherited)",
				);
				GCC_WARN_64_TO_32_BIT_CONVERSION = YES;
				GCC_WARN_ABOUT_RETURN_TYPE = YES_ERROR;
				GCC_WARN_UNDECLARED_SELECTOR = YES;
				GCC_WARN_UNINITIALIZED_AUTOS = YES_AGGRESSIVE;
				GCC_WARN_UNUSED_FUNCTION = YES;
				GCC_WARN_UNUSED_VARIABLE = YES;
				IPHONEOS_DEPLOYMENT_TARGET = 14.3;
				MTL_ENABLE_DEBUG_INFO = INCLUDE_SOURCE;
				MTL_FAST_MATH = YES;
				ONLY_ACTIVE_ARCH = YES;
				SDKROOT = iphoneos;
				SWIFT_ACTIVE_COMPILATION_CONDITIONS = DEBUG;
				SWIFT_OPTIMIZATION_LEVEL = "-Onone";
			};
			name = Debug;
		};
		FF20FBAD25B93A8F0014EFD0 /* Release */ = {
			isa = XCBuildConfiguration;
			buildSettings = {
				ALWAYS_SEARCH_USER_PATHS = NO;
				CLANG_ANALYZER_NONNULL = YES;
				CLANG_ANALYZER_NUMBER_OBJECT_CONVERSION = YES_AGGRESSIVE;
				CLANG_CXX_LANGUAGE_STANDARD = "gnu++14";
				CLANG_CXX_LIBRARY = "libc++";
				CLANG_ENABLE_MODULES = YES;
				CLANG_ENABLE_OBJC_ARC = YES;
				CLANG_ENABLE_OBJC_WEAK = YES;
				CLANG_WARN_BLOCK_CAPTURE_AUTORELEASING = YES;
				CLANG_WARN_BOOL_CONVERSION = YES;
				CLANG_WARN_COMMA = YES;
				CLANG_WARN_CONSTANT_CONVERSION = YES;
				CLANG_WARN_DEPRECATED_OBJC_IMPLEMENTATIONS = YES;
				CLANG_WARN_DIRECT_OBJC_ISA_USAGE = YES_ERROR;
				CLANG_WARN_DOCUMENTATION_COMMENTS = YES;
				CLANG_WARN_EMPTY_BODY = YES;
				CLANG_WARN_ENUM_CONVERSION = YES;
				CLANG_WARN_INFINITE_RECURSION = YES;
				CLANG_WARN_INT_CONVERSION = YES;
				CLANG_WARN_NON_LITERAL_NULL_CONVERSION = YES;
				CLANG_WARN_OBJC_IMPLICIT_RETAIN_SELF = YES;
				CLANG_WARN_OBJC_LITERAL_CONVERSION = YES;
				CLANG_WARN_OBJC_ROOT_CLASS = YES_ERROR;
				CLANG_WARN_QUOTED_INCLUDE_IN_FRAMEWORK_HEADER = YES;
				CLANG_WARN_RANGE_LOOP_ANALYSIS = YES;
				CLANG_WARN_STRICT_PROTOTYPES = YES;
				CLANG_WARN_SUSPICIOUS_MOVE = YES;
				CLANG_WARN_UNGUARDED_AVAILABILITY = YES_AGGRESSIVE;
				CLANG_WARN_UNREACHABLE_CODE = YES;
				CLANG_WARN__DUPLICATE_METHOD_MATCH = YES;
				COPY_PHASE_STRIP = NO;
				DEBUG_INFORMATION_FORMAT = "dwarf-with-dsym";
				ENABLE_NS_ASSERTIONS = NO;
				ENABLE_STRICT_OBJC_MSGSEND = YES;
				GCC_C_LANGUAGE_STANDARD = gnu11;
				GCC_NO_COMMON_BLOCKS = YES;
				GCC_WARN_64_TO_32_BIT_CONVERSION = YES;
				GCC_WARN_ABOUT_RETURN_TYPE = YES_ERROR;
				GCC_WARN_UNDECLARED_SELECTOR = YES;
				GCC_WARN_UNINITIALIZED_AUTOS = YES_AGGRESSIVE;
				GCC_WARN_UNUSED_FUNCTION = YES;
				GCC_WARN_UNUSED_VARIABLE = YES;
				IPHONEOS_DEPLOYMENT_TARGET = 14.3;
				MTL_ENABLE_DEBUG_INFO = NO;
				MTL_FAST_MATH = YES;
				SDKROOT = iphoneos;
				SWIFT_COMPILATION_MODE = wholemodule;
				SWIFT_OPTIMIZATION_LEVEL = "-O";
				VALIDATE_PRODUCT = YES;
			};
			name = Release;
		};
		FF20FBAF25B93A8F0014EFD0 /* Debug */ = {
			isa = XCBuildConfiguration;
			baseConfigurationReference = D0380F3A0C63E451BD8DFFC2 /* Pods-GaryCam.debug.xcconfig */;
			buildSettings = {
				ASSETCATALOG_COMPILER_APPICON_NAME = AppIcon;
				ASSETCATALOG_COMPILER_GLOBAL_ACCENT_COLOR_NAME = AccentColor;
				CODE_SIGN_STYLE = Automatic;
				DEVELOPMENT_TEAM = TQ3U3269X7;
				INFOPLIST_FILE = GaryCam/Info.plist;
				LD_RUNPATH_SEARCH_PATHS = (
					"$(inherited)",
					"@executable_path/Frameworks",
				);
				PRODUCT_BUNDLE_IDENTIFIER = com.Gary.GaryCam;
				PRODUCT_NAME = "$(TARGET_NAME)";
				SWIFT_VERSION = 5.0;
				TARGETED_DEVICE_FAMILY = 1;
			};
			name = Debug;
		};
		FF20FBB025B93A8F0014EFD0 /* Release */ = {
			isa = XCBuildConfiguration;
			baseConfigurationReference = 19A1ACE086C6A2CC9D1E8491 /* Pods-GaryCam.release.xcconfig */;
			buildSettings = {
				ASSETCATALOG_COMPILER_APPICON_NAME = AppIcon;
				ASSETCATALOG_COMPILER_GLOBAL_ACCENT_COLOR_NAME = AccentColor;
				CODE_SIGN_STYLE = Automatic;
				DEVELOPMENT_TEAM = TQ3U3269X7;
				INFOPLIST_FILE = GaryCam/Info.plist;
				LD_RUNPATH_SEARCH_PATHS = (
					"$(inherited)",
					"@executable_path/Frameworks",
				);
				PRODUCT_BUNDLE_IDENTIFIER = com.Gary.GaryCam;
				PRODUCT_NAME = "$(TARGET_NAME)";
				SWIFT_VERSION = 5.0;
				TARGETED_DEVICE_FAMILY = 1;
			};
			name = Release;
		};
		FF20FBB225B93A8F0014EFD0 /* Debug */ = {
			isa = XCBuildConfiguration;
			baseConfigurationReference = 93B030ADF92C82452D1AD9E0 /* Pods-GaryCamTests.debug.xcconfig */;
			buildSettings = {
				ALWAYS_EMBED_SWIFT_STANDARD_LIBRARIES = YES;
				BUNDLE_LOADER = "$(TEST_HOST)";
				CODE_SIGN_STYLE = Automatic;
				DEVELOPMENT_TEAM = TQ3U3269X7;
				INFOPLIST_FILE = GaryCamTests/Info.plist;
				IPHONEOS_DEPLOYMENT_TARGET = 14.3;
				LD_RUNPATH_SEARCH_PATHS = (
					"$(inherited)",
					"@executable_path/Frameworks",
					"@loader_path/Frameworks",
				);
				PRODUCT_BUNDLE_IDENTIFIER = com.jeong.GaryCamTests;
				PRODUCT_NAME = "$(TARGET_NAME)";
				SWIFT_VERSION = 5.0;
				TARGETED_DEVICE_FAMILY = "1,2";
				TEST_HOST = "$(BUILT_PRODUCTS_DIR)/GaryCam.app/GaryCam";
			};
			name = Debug;
		};
		FF20FBB325B93A8F0014EFD0 /* Release */ = {
			isa = XCBuildConfiguration;
			baseConfigurationReference = 170CAEE867F0AFE4ABFF012D /* Pods-GaryCamTests.release.xcconfig */;
			buildSettings = {
				ALWAYS_EMBED_SWIFT_STANDARD_LIBRARIES = YES;
				BUNDLE_LOADER = "$(TEST_HOST)";
				CODE_SIGN_STYLE = Automatic;
				DEVELOPMENT_TEAM = TQ3U3269X7;
				INFOPLIST_FILE = GaryCamTests/Info.plist;
				IPHONEOS_DEPLOYMENT_TARGET = 14.3;
				LD_RUNPATH_SEARCH_PATHS = (
					"$(inherited)",
					"@executable_path/Frameworks",
					"@loader_path/Frameworks",
				);
				PRODUCT_BUNDLE_IDENTIFIER = com.jeong.GaryCamTests;
				PRODUCT_NAME = "$(TARGET_NAME)";
				SWIFT_VERSION = 5.0;
				TARGETED_DEVICE_FAMILY = "1,2";
				TEST_HOST = "$(BUILT_PRODUCTS_DIR)/GaryCam.app/GaryCam";
			};
			name = Release;
		};
		FF20FBB525B93A8F0014EFD0 /* Debug */ = {
			isa = XCBuildConfiguration;
			baseConfigurationReference = EB6C1751A9FDCD948350262D /* Pods-GaryCam-GaryCamUITests.debug.xcconfig */;
			buildSettings = {
				ALWAYS_EMBED_SWIFT_STANDARD_LIBRARIES = YES;
				CODE_SIGN_STYLE = Automatic;
				DEVELOPMENT_TEAM = TQ3U3269X7;
				INFOPLIST_FILE = GaryCamUITests/Info.plist;
				LD_RUNPATH_SEARCH_PATHS = (
					"$(inherited)",
					"@executable_path/Frameworks",
					"@loader_path/Frameworks",
				);
				PRODUCT_BUNDLE_IDENTIFIER = com.jeong.GaryCamUITests;
				PRODUCT_NAME = "$(TARGET_NAME)";
				SWIFT_VERSION = 5.0;
				TARGETED_DEVICE_FAMILY = "1,2";
				TEST_TARGET_NAME = GaryCam;
			};
			name = Debug;
		};
		FF20FBB625B93A8F0014EFD0 /* Release */ = {
			isa = XCBuildConfiguration;
			baseConfigurationReference = E9B50F6E2D15A422BCC9984B /* Pods-GaryCam-GaryCamUITests.release.xcconfig */;
			buildSettings = {
				ALWAYS_EMBED_SWIFT_STANDARD_LIBRARIES = YES;
				CODE_SIGN_STYLE = Automatic;
				DEVELOPMENT_TEAM = TQ3U3269X7;
				INFOPLIST_FILE = GaryCamUITests/Info.plist;
				LD_RUNPATH_SEARCH_PATHS = (
					"$(inherited)",
					"@executable_path/Frameworks",
					"@loader_path/Frameworks",
				);
				PRODUCT_BUNDLE_IDENTIFIER = com.jeong.GaryCamUITests;
				PRODUCT_NAME = "$(TARGET_NAME)";
				SWIFT_VERSION = 5.0;
				TARGETED_DEVICE_FAMILY = "1,2";
				TEST_TARGET_NAME = GaryCam;
			};
			name = Release;
		};
/* End XCBuildConfiguration section */

/* Begin XCConfigurationList section */
		FF20FB7F25B93A8B0014EFD0 /* Build configuration list for PBXProject "GaryCam" */ = {
			isa = XCConfigurationList;
			buildConfigurations = (
				FF20FBAC25B93A8F0014EFD0 /* Debug */,
				FF20FBAD25B93A8F0014EFD0 /* Release */,
			);
			defaultConfigurationIsVisible = 0;
			defaultConfigurationName = Release;
		};
		FF20FBAE25B93A8F0014EFD0 /* Build configuration list for PBXNativeTarget "GaryCam" */ = {
			isa = XCConfigurationList;
			buildConfigurations = (
				FF20FBAF25B93A8F0014EFD0 /* Debug */,
				FF20FBB025B93A8F0014EFD0 /* Release */,
			);
			defaultConfigurationIsVisible = 0;
			defaultConfigurationName = Release;
		};
		FF20FBB125B93A8F0014EFD0 /* Build configuration list for PBXNativeTarget "GaryCamTests" */ = {
			isa = XCConfigurationList;
			buildConfigurations = (
				FF20FBB225B93A8F0014EFD0 /* Debug */,
				FF20FBB325B93A8F0014EFD0 /* Release */,
			);
			defaultConfigurationIsVisible = 0;
			defaultConfigurationName = Release;
		};
		FF20FBB425B93A8F0014EFD0 /* Build configuration list for PBXNativeTarget "GaryCamUITests" */ = {
			isa = XCConfigurationList;
			buildConfigurations = (
				FF20FBB525B93A8F0014EFD0 /* Debug */,
				FF20FBB625B93A8F0014EFD0 /* Release */,
			);
			defaultConfigurationIsVisible = 0;
			defaultConfigurationName = Release;
		};
/* End XCConfigurationList section */
	};
	rootObject = FF20FB7C25B93A8B0014EFD0 /* Project object */;
}
